
Microsoft Visual Studio Solution File, Format Version 12.00
# Visual Studio Version 16
VisualStudioVersion = 16.0.31911.196
MinimumVisualStudioVersion = 10.0.40219.1
Project("{FAE04EC0-301F-11D3-BF4B-00C04F79EFBC}") = "TimeSheetManagement", "TimeSheetManagement.csproj", "{F9592688-B7A3-4D7D-B76A-3B4D8FD40874}"
EndProject
Project("{FAE04EC0-301F-11D3-BF4B-00C04F79EFBC}") = "Data Layer", "..\UILayer\Data Layer.csproj", "{D9F77391-8E87-4D99-9578-9CF2FE1E8FD4}"
EndProject
Project("{FAE04EC0-301F-11D3-BF4B-00C04F79EFBC}") = "Buisness Layer", "..\Buisness Layer\Buisness Layer.csproj", "{DA5C1485-7BD6-45E9-A4BD-FA2470778862}"
EndProject
Global
	GlobalSection(SolutionConfigurationPlatforms) = preSolution
		Debug|Any CPU = Debug|Any CPU
		Release|Any CPU = Release|Any CPU
	EndGlobalSection
	GlobalSection(ProjectConfigurationPlatforms) = postSolution
		{F9592688-B7A3-4D7D-B76A-3B4D8FD40874}.Debug|Any CPU.ActiveCfg = Debug|Any CPU
		{F9592688-B7A3-4D7D-B76A-3B4D8FD40874}.Debug|Any CPU.Build.0 = Debug|Any CPU
		{F9592688-B7A3-4D7D-B76A-3B4D8FD40874}.Release|Any CPU.ActiveCfg = Release|Any CPU
		{F9592688-B7A3-4D7D-B76A-3B4D8FD40874}.Release|Any CPU.Build.0 = Release|Any CPU
		{D9F77391-8E87-4D99-9578-9CF2FE1E8FD4}.Debug|Any CPU.ActiveCfg = Debug|Any CPU
		{D9F77391-8E87-4D99-9578-9CF2FE1E8FD4}.Debug|Any CPU.Build.0 = Debug|Any CPU
		{D9F77391-8E87-4D99-9578-9CF2FE1E8FD4}.Release|Any CPU.ActiveCfg = Release|Any CPU
		{D9F77391-8E87-4D99-9578-9CF2FE1E8FD4}.Release|Any CPU.Build.0 = Release|Any CPU
		{DA5C1485-7BD6-45E9-A4BD-FA2470778862}.Debug|Any CPU.ActiveCfg = Debug|Any CPU
		{DA5C1485-7BD6-45E9-A4BD-FA2470778862}.Debug|Any CPU.Build.0 = Debug|Any CPU
		{DA5C1485-7BD6-45E9-A4BD-FA2470778862}.Release|Any CPU.ActiveCfg = Release|Any CPU
		{DA5C1485-7BD6-45E9-A4BD-FA2470778862}.Release|Any CPU.Build.0 = Release|Any CPU
	EndGlobalSection
	GlobalSection(SolutionProperties) = preSolution
		HideSolutionNode = FALSE
	EndGlobalSection
	GlobalSection(ExtensibilityGlobals) = postSolution
		SolutionGuid = {1AF6D0B4-B0FE-4C37-BAE7-A2938B62C5E0}
	EndGlobalSection
EndGlobal
